
Microsoft Visual Studio Solution File, Format Version 12.00
# Visual Studio Version 17
VisualStudioVersion = 17.14.36301.6 d17.14
MinimumVisualStudioVersion = 10.0.40219.1
Project("{FAE04EC0-301F-11D3-BF4B-00C04F79EFBC}") = "TrabajadoresWEB", "TrabajadoresWEB.csproj", "{133E7D00-607F-4325-8D2B-2DCE1051CB90}"
EndProject
Global
	GlobalSection(SolutionConfigurationPlatforms) = preSolution
		Debug|Any CPU = Debug|Any CPU
		Release|Any CPU = Release|Any CPU
	EndGlobalSection
	GlobalSection(ProjectConfigurationPlatforms) = postSolution
		{133E7D00-607F-4325-8D2B-2DCE1051CB90}.Debug|Any CPU.ActiveCfg = Debug|Any CPU
		{133E7D00-607F-4325-8D2B-2DCE1051CB90}.Debug|Any CPU.Build.0 = Debug|Any CPU
		{133E7D00-607F-4325-8D2B-2DCE1051CB90}.Release|Any CPU.ActiveCfg = Release|Any CPU
		{133E7D00-607F-4325-8D2B-2DCE1051CB90}.Release|Any CPU.Build.0 = Release|Any CPU
	EndGlobalSection
	GlobalSection(SolutionProperties) = preSolution
		HideSolutionNode = FALSE
	EndGlobalSection
	GlobalSection(ExtensibilityGlobals) = postSolution
		SolutionGuid = {237EAE64-9136-4EA5-A382-EE60D32DA488}
	EndGlobalSection
EndGlobal
